// !$*UTF8*$!
{
	archiveVersion = 1;
	classes = {
	};
	objectVersion = 51;
	objects = {

/* Begin PBXBuildFile section */
		10432DA226CCAAD5004CA44F /* Images.swift in Sources */ = {isa = PBXBuildFile; fileRef = 10432DA126CCAAD5004CA44F /* Images.swift */; };
		10432DB026CD53EC004CA44F /* Localizable.strings in Resources */ = {isa = PBXBuildFile; fileRef = 10432DB226CD53EC004CA44F /* Localizable.strings */; };
		10432DB826CDB1F9004CA44F /* TabBarController.swift in Sources */ = {isa = PBXBuildFile; fileRef = 10432DB726CDB1F9004CA44F /* TabBarController.swift */; };
		10432DBE26CDB6AA004CA44F /* WishListViewController.swift in Sources */ = {isa = PBXBuildFile; fileRef = 10432DBD26CDB6AA004CA44F /* WishListViewController.swift */; };
		10432DC026CDB6B1004CA44F /* WishListView.swift in Sources */ = {isa = PBXBuildFile; fileRef = 10432DBF26CDB6B1004CA44F /* WishListView.swift */; };
		10432DC226CDB6C7004CA44F /* WishListView.xib in Resources */ = {isa = PBXBuildFile; fileRef = 10432DC126CDB6C7004CA44F /* WishListView.xib */; };
		10432DC426CEAF38004CA44F /* AddNewViewController.swift in Sources */ = {isa = PBXBuildFile; fileRef = 10432DC326CEAF38004CA44F /* AddNewViewController.swift */; };
		10432DC626CEAF43004CA44F /* RentalsViewController.swift in Sources */ = {isa = PBXBuildFile; fileRef = 10432DC526CEAF43004CA44F /* RentalsViewController.swift */; };
		10432DC826CEAF50004CA44F /* SettingsViewController.swift in Sources */ = {isa = PBXBuildFile; fileRef = 10432DC726CEAF50004CA44F /* SettingsViewController.swift */; };
		10432DCA26CEAF96004CA44F /* AddNewView.swift in Sources */ = {isa = PBXBuildFile; fileRef = 10432DC926CEAF96004CA44F /* AddNewView.swift */; };
		10432DCC26CEAFAB004CA44F /* RentalsView.swift in Sources */ = {isa = PBXBuildFile; fileRef = 10432DCB26CEAFAB004CA44F /* RentalsView.swift */; };
		10432DCE26CEAFBB004CA44F /* SettingsView.swift in Sources */ = {isa = PBXBuildFile; fileRef = 10432DCD26CEAFBB004CA44F /* SettingsView.swift */; };
		10432DD026CEB094004CA44F /* AddNewView.xib in Resources */ = {isa = PBXBuildFile; fileRef = 10432DCF26CEB094004CA44F /* AddNewView.xib */; };
		10432DD226CEB0D7004CA44F /* RentalsView.xib in Resources */ = {isa = PBXBuildFile; fileRef = 10432DD126CEB0D7004CA44F /* RentalsView.xib */; };
		10432DD426CEB104004CA44F /* SettingsView.xib in Resources */ = {isa = PBXBuildFile; fileRef = 10432DD326CEB104004CA44F /* SettingsView.xib */; };
		10432DD626D3F5FA004CA44F /* SettingsViewModel.swift in Sources */ = {isa = PBXBuildFile; fileRef = 10432DD526D3F5FA004CA44F /* SettingsViewModel.swift */; };
		10432DD826D3F6FD004CA44F /* RentalsViewModel.swift in Sources */ = {isa = PBXBuildFile; fileRef = 10432DD726D3F6FD004CA44F /* RentalsViewModel.swift */; };
		10432DDA26D3F72E004CA44F /* AddNewViewModel.swift in Sources */ = {isa = PBXBuildFile; fileRef = 10432DD926D3F72E004CA44F /* AddNewViewModel.swift */; };
		10432DDC26D3F754004CA44F /* WishlistViewModel.swift in Sources */ = {isa = PBXBuildFile; fileRef = 10432DDB26D3F754004CA44F /* WishlistViewModel.swift */; };
		10432DDE26D3F76B004CA44F /* LoginViewModel.swift in Sources */ = {isa = PBXBuildFile; fileRef = 10432DDD26D3F76B004CA44F /* LoginViewModel.swift */; };
		10432DE026D3F78A004CA44F /* LibraryViewModel.swift in Sources */ = {isa = PBXBuildFile; fileRef = 10432DDF26D3F78A004CA44F /* LibraryViewModel.swift */; };
		104D041926C6B2CD00C755DA /* Book.swift in Sources */ = {isa = PBXBuildFile; fileRef = 104D041826C6B2CD00C755DA /* Book.swift */; };
		104D041C26C6DBF800C755DA /* Colors.swift in Sources */ = {isa = PBXBuildFile; fileRef = 104D041B26C6DBF800C755DA /* Colors.swift */; };
		104D041E26C6DC0200C755DA /* Fonts.swift in Sources */ = {isa = PBXBuildFile; fileRef = 104D041D26C6DC0200C755DA /* Fonts.swift */; };
		105C317F26C5C03B0070325C /* NibView.swift in Sources */ = {isa = PBXBuildFile; fileRef = 105C317E26C5C03B0070325C /* NibView.swift */; };
		105C318126C5C0BD0070325C /* LoginView.swift in Sources */ = {isa = PBXBuildFile; fileRef = 105C318026C5C0BD0070325C /* LoginView.swift */; };
		105C318326C5C0F10070325C /* LoginView.xib in Resources */ = {isa = PBXBuildFile; fileRef = 105C318226C5C0F10070325C /* LoginView.xib */; };
		105C318626C5D8A60070325C /* LibraryViewController.swift in Sources */ = {isa = PBXBuildFile; fileRef = 105C318526C5D8A60070325C /* LibraryViewController.swift */; };
		105C318826C5DAB90070325C /* LibraryView.swift in Sources */ = {isa = PBXBuildFile; fileRef = 105C318726C5DAB90070325C /* LibraryView.swift */; };
		105C318A26C5DAC70070325C /* LibraryView.xib in Resources */ = {isa = PBXBuildFile; fileRef = 105C318926C5DAC70070325C /* LibraryView.xib */; };
		105C318D26C6099D0070325C /* LibraryTableViewCell.swift in Sources */ = {isa = PBXBuildFile; fileRef = 105C318C26C6099D0070325C /* LibraryTableViewCell.swift */; };
		105C318F26C60B8F0070325C /* LibraryTableViewCell.xib in Resources */ = {isa = PBXBuildFile; fileRef = 105C318E26C60B8F0070325C /* LibraryTableViewCell.xib */; };
		32882C24C3FCFE32BC0A8E6D /* Pods_WBooksTests.framework in Frameworks */ = {isa = PBXBuildFile; fileRef = 30E4485C6208B5965D1D114E /* Pods_WBooksTests.framework */; };
		4878573461A83033F248EBBB /* Pods_WBooks.framework in Frameworks */ = {isa = PBXBuildFile; fileRef = DA0D338BC8E12CDF53933817 /* Pods_WBooks.framework */; };
		6E4527BB26BD648F0008C123 /* AppDelegate.swift in Sources */ = {isa = PBXBuildFile; fileRef = 6E4527BA26BD648F0008C123 /* AppDelegate.swift */; };
		6E4527BD26BD648F0008C123 /* SceneDelegate.swift in Sources */ = {isa = PBXBuildFile; fileRef = 6E4527BC26BD648F0008C123 /* SceneDelegate.swift */; };
		6E4527C426BD64940008C123 /* Assets.xcassets in Resources */ = {isa = PBXBuildFile; fileRef = 6E4527C326BD64940008C123 /* Assets.xcassets */; };
		6E4527C726BD64940008C123 /* LaunchScreen.storyboard in Resources */ = {isa = PBXBuildFile; fileRef = 6E4527C526BD64940008C123 /* LaunchScreen.storyboard */; };
		6E4527D226BD64940008C123 /* WBooksTests.swift in Sources */ = {isa = PBXBuildFile; fileRef = 6E4527D126BD64940008C123 /* WBooksTests.swift */; };
		6E4527DD26BD64940008C123 /* WBooksUITests.swift in Sources */ = {isa = PBXBuildFile; fileRef = 6E4527DC26BD64940008C123 /* WBooksUITests.swift */; };
		6ED8635C26C2494300A5E21D /* LoginViewController.swift in Sources */ = {isa = PBXBuildFile; fileRef = 6ED8635B26C2494300A5E21D /* LoginViewController.swift */; };
		6ED8637326C24A9000A5E21D /* Media.xcassets in Resources */ = {isa = PBXBuildFile; fileRef = 6ED8637226C24A9000A5E21D /* Media.xcassets */; };
		F812BF3849A843CB196C4FDC /* Pods_WBooks_WBooksUITests.framework in Frameworks */ = {isa = PBXBuildFile; fileRef = ACA1AFF1B311A9162A24151E /* Pods_WBooks_WBooksUITests.framework */; };
/* End PBXBuildFile section */

/* Begin PBXContainerItemProxy section */
		6E4527CE26BD64940008C123 /* PBXContainerItemProxy */ = {
			isa = PBXContainerItemProxy;
			containerPortal = 6E4527AF26BD648F0008C123 /* Project object */;
			proxyType = 1;
			remoteGlobalIDString = 6E4527B626BD648F0008C123;
			remoteInfo = WBooks;
		};
		6E4527D926BD64940008C123 /* PBXContainerItemProxy */ = {
			isa = PBXContainerItemProxy;
			containerPortal = 6E4527AF26BD648F0008C123 /* Project object */;
			proxyType = 1;
			remoteGlobalIDString = 6E4527B626BD648F0008C123;
			remoteInfo = WBooks;
		};
/* End PBXContainerItemProxy section */

/* Begin PBXFileReference section */
		10432DA126CCAAD5004CA44F /* Images.swift */ = {isa = PBXFileReference; lastKnownFileType = sourcecode.swift; path = Images.swift; sourceTree = "<group>"; };
		10432DB126CD53EC004CA44F /* en */ = {isa = PBXFileReference; lastKnownFileType = text.plist.strings; name = en; path = en.lproj/Localizable.strings; sourceTree = "<group>"; };
		10432DB426CD5402004CA44F /* es */ = {isa = PBXFileReference; lastKnownFileType = text.plist.strings; name = es; path = es.lproj/LaunchScreen.strings; sourceTree = "<group>"; };
		10432DB526CD5403004CA44F /* es */ = {isa = PBXFileReference; lastKnownFileType = text.plist.strings; name = es; path = es.lproj/Localizable.strings; sourceTree = "<group>"; };
		10432DB726CDB1F9004CA44F /* TabBarController.swift */ = {isa = PBXFileReference; lastKnownFileType = sourcecode.swift; path = TabBarController.swift; sourceTree = "<group>"; };
		10432DBD26CDB6AA004CA44F /* WishListViewController.swift */ = {isa = PBXFileReference; lastKnownFileType = sourcecode.swift; path = WishListViewController.swift; sourceTree = "<group>"; };
		10432DBF26CDB6B1004CA44F /* WishListView.swift */ = {isa = PBXFileReference; lastKnownFileType = sourcecode.swift; path = WishListView.swift; sourceTree = "<group>"; };
		10432DC126CDB6C7004CA44F /* WishListView.xib */ = {isa = PBXFileReference; lastKnownFileType = file.xib; path = WishListView.xib; sourceTree = "<group>"; };
		10432DC326CEAF38004CA44F /* AddNewViewController.swift */ = {isa = PBXFileReference; lastKnownFileType = sourcecode.swift; path = AddNewViewController.swift; sourceTree = "<group>"; };
		10432DC526CEAF43004CA44F /* RentalsViewController.swift */ = {isa = PBXFileReference; lastKnownFileType = sourcecode.swift; path = RentalsViewController.swift; sourceTree = "<group>"; };
		10432DC726CEAF50004CA44F /* SettingsViewController.swift */ = {isa = PBXFileReference; lastKnownFileType = sourcecode.swift; path = SettingsViewController.swift; sourceTree = "<group>"; };
		10432DC926CEAF96004CA44F /* AddNewView.swift */ = {isa = PBXFileReference; lastKnownFileType = sourcecode.swift; path = AddNewView.swift; sourceTree = "<group>"; };
		10432DCB26CEAFAB004CA44F /* RentalsView.swift */ = {isa = PBXFileReference; lastKnownFileType = sourcecode.swift; path = RentalsView.swift; sourceTree = "<group>"; };
		10432DCD26CEAFBB004CA44F /* SettingsView.swift */ = {isa = PBXFileReference; lastKnownFileType = sourcecode.swift; path = SettingsView.swift; sourceTree = "<group>"; };
		10432DCF26CEB094004CA44F /* AddNewView.xib */ = {isa = PBXFileReference; lastKnownFileType = file.xib; path = AddNewView.xib; sourceTree = "<group>"; };
		10432DD126CEB0D7004CA44F /* RentalsView.xib */ = {isa = PBXFileReference; lastKnownFileType = file.xib; path = RentalsView.xib; sourceTree = "<group>"; };
		10432DD326CEB104004CA44F /* SettingsView.xib */ = {isa = PBXFileReference; lastKnownFileType = file.xib; path = SettingsView.xib; sourceTree = "<group>"; };
		10432DD526D3F5FA004CA44F /* SettingsViewModel.swift */ = {isa = PBXFileReference; lastKnownFileType = sourcecode.swift; path = SettingsViewModel.swift; sourceTree = "<group>"; };
		10432DD726D3F6FD004CA44F /* RentalsViewModel.swift */ = {isa = PBXFileReference; lastKnownFileType = sourcecode.swift; path = RentalsViewModel.swift; sourceTree = "<group>"; };
		10432DD926D3F72E004CA44F /* AddNewViewModel.swift */ = {isa = PBXFileReference; lastKnownFileType = sourcecode.swift; path = AddNewViewModel.swift; sourceTree = "<group>"; };
		10432DDB26D3F754004CA44F /* WishlistViewModel.swift */ = {isa = PBXFileReference; lastKnownFileType = sourcecode.swift; path = WishlistViewModel.swift; sourceTree = "<group>"; };
		10432DDD26D3F76B004CA44F /* LoginViewModel.swift */ = {isa = PBXFileReference; lastKnownFileType = sourcecode.swift; path = LoginViewModel.swift; sourceTree = "<group>"; };
		10432DDF26D3F78A004CA44F /* LibraryViewModel.swift */ = {isa = PBXFileReference; lastKnownFileType = sourcecode.swift; path = LibraryViewModel.swift; sourceTree = "<group>"; };
		104D041826C6B2CD00C755DA /* Book.swift */ = {isa = PBXFileReference; lastKnownFileType = sourcecode.swift; path = Book.swift; sourceTree = "<group>"; };
		104D041B26C6DBF800C755DA /* Colors.swift */ = {isa = PBXFileReference; lastKnownFileType = sourcecode.swift; path = Colors.swift; sourceTree = "<group>"; };
		104D041D26C6DC0200C755DA /* Fonts.swift */ = {isa = PBXFileReference; lastKnownFileType = sourcecode.swift; path = Fonts.swift; sourceTree = "<group>"; };
		105C317E26C5C03B0070325C /* NibView.swift */ = {isa = PBXFileReference; lastKnownFileType = sourcecode.swift; path = NibView.swift; sourceTree = "<group>"; };
		105C318026C5C0BD0070325C /* LoginView.swift */ = {isa = PBXFileReference; lastKnownFileType = sourcecode.swift; path = LoginView.swift; sourceTree = "<group>"; };
		105C318226C5C0F10070325C /* LoginView.xib */ = {isa = PBXFileReference; lastKnownFileType = file.xib; path = LoginView.xib; sourceTree = "<group>"; };
		105C318526C5D8A60070325C /* LibraryViewController.swift */ = {isa = PBXFileReference; lastKnownFileType = sourcecode.swift; path = LibraryViewController.swift; sourceTree = "<group>"; };
		105C318726C5DAB90070325C /* LibraryView.swift */ = {isa = PBXFileReference; lastKnownFileType = sourcecode.swift; path = LibraryView.swift; sourceTree = "<group>"; };
		105C318926C5DAC70070325C /* LibraryView.xib */ = {isa = PBXFileReference; lastKnownFileType = file.xib; path = LibraryView.xib; sourceTree = "<group>"; };
		105C318C26C6099D0070325C /* LibraryTableViewCell.swift */ = {isa = PBXFileReference; lastKnownFileType = sourcecode.swift; path = LibraryTableViewCell.swift; sourceTree = "<group>"; };
		105C318E26C60B8F0070325C /* LibraryTableViewCell.xib */ = {isa = PBXFileReference; lastKnownFileType = file.xib; path = LibraryTableViewCell.xib; sourceTree = "<group>"; };
		1634E926E8A89FB08B0FFBA3 /* Pods-WBooks-WBooksUITests.release.xcconfig */ = {isa = PBXFileReference; includeInIndex = 1; lastKnownFileType = text.xcconfig; name = "Pods-WBooks-WBooksUITests.release.xcconfig"; path = "Target Support Files/Pods-WBooks-WBooksUITests/Pods-WBooks-WBooksUITests.release.xcconfig"; sourceTree = "<group>"; };
		30E4485C6208B5965D1D114E /* Pods_WBooksTests.framework */ = {isa = PBXFileReference; explicitFileType = wrapper.framework; includeInIndex = 0; path = Pods_WBooksTests.framework; sourceTree = BUILT_PRODUCTS_DIR; };
		6E4527B726BD648F0008C123 /* WBooks.app */ = {isa = PBXFileReference; explicitFileType = wrapper.application; includeInIndex = 0; path = WBooks.app; sourceTree = BUILT_PRODUCTS_DIR; };
		6E4527BA26BD648F0008C123 /* AppDelegate.swift */ = {isa = PBXFileReference; lastKnownFileType = sourcecode.swift; path = AppDelegate.swift; sourceTree = "<group>"; };
		6E4527BC26BD648F0008C123 /* SceneDelegate.swift */ = {isa = PBXFileReference; lastKnownFileType = sourcecode.swift; path = SceneDelegate.swift; sourceTree = "<group>"; };
		6E4527C326BD64940008C123 /* Assets.xcassets */ = {isa = PBXFileReference; lastKnownFileType = folder.assetcatalog; path = Assets.xcassets; sourceTree = "<group>"; };
		6E4527C626BD64940008C123 /* Base */ = {isa = PBXFileReference; lastKnownFileType = file.storyboard; name = Base; path = Base.lproj/LaunchScreen.storyboard; sourceTree = "<group>"; };
		6E4527C826BD64940008C123 /* Info.plist */ = {isa = PBXFileReference; lastKnownFileType = text.plist.xml; path = Info.plist; sourceTree = "<group>"; };
		6E4527CD26BD64940008C123 /* WBooksTests.xctest */ = {isa = PBXFileReference; explicitFileType = wrapper.cfbundle; includeInIndex = 0; path = WBooksTests.xctest; sourceTree = BUILT_PRODUCTS_DIR; };
		6E4527D126BD64940008C123 /* WBooksTests.swift */ = {isa = PBXFileReference; lastKnownFileType = sourcecode.swift; path = WBooksTests.swift; sourceTree = "<group>"; };
		6E4527D326BD64940008C123 /* Info.plist */ = {isa = PBXFileReference; lastKnownFileType = text.plist.xml; path = Info.plist; sourceTree = "<group>"; };
		6E4527D826BD64940008C123 /* WBooksUITests.xctest */ = {isa = PBXFileReference; explicitFileType = wrapper.cfbundle; includeInIndex = 0; path = WBooksUITests.xctest; sourceTree = BUILT_PRODUCTS_DIR; };
		6E4527DC26BD64940008C123 /* WBooksUITests.swift */ = {isa = PBXFileReference; lastKnownFileType = sourcecode.swift; path = WBooksUITests.swift; sourceTree = "<group>"; };
		6E4527DE26BD64940008C123 /* Info.plist */ = {isa = PBXFileReference; lastKnownFileType = text.plist.xml; path = Info.plist; sourceTree = "<group>"; };
		6ED862CA26C23C1200A5E21D /* Debug.xcconfig */ = {isa = PBXFileReference; lastKnownFileType = text.xcconfig; path = Debug.xcconfig; sourceTree = "<group>"; };
		6ED862CB26C23C3C00A5E21D /* Release.xcconfig */ = {isa = PBXFileReference; lastKnownFileType = text.xcconfig; path = Release.xcconfig; sourceTree = "<group>"; };
		6ED8635B26C2494300A5E21D /* LoginViewController.swift */ = {isa = PBXFileReference; lastKnownFileType = sourcecode.swift; path = LoginViewController.swift; sourceTree = "<group>"; };
		6ED8637226C24A9000A5E21D /* Media.xcassets */ = {isa = PBXFileReference; lastKnownFileType = folder.assetcatalog; path = Media.xcassets; sourceTree = "<group>"; };
		7A48EB257D0B43A13C416421 /* Pods-WBooksTests.debug.xcconfig */ = {isa = PBXFileReference; includeInIndex = 1; lastKnownFileType = text.xcconfig; name = "Pods-WBooksTests.debug.xcconfig"; path = "Target Support Files/Pods-WBooksTests/Pods-WBooksTests.debug.xcconfig"; sourceTree = "<group>"; };
		9BAE84C691491201654E55DF /* Pods-WBooksTests.release.xcconfig */ = {isa = PBXFileReference; includeInIndex = 1; lastKnownFileType = text.xcconfig; name = "Pods-WBooksTests.release.xcconfig"; path = "Target Support Files/Pods-WBooksTests/Pods-WBooksTests.release.xcconfig"; sourceTree = "<group>"; };
		ACA1AFF1B311A9162A24151E /* Pods_WBooks_WBooksUITests.framework */ = {isa = PBXFileReference; explicitFileType = wrapper.framework; includeInIndex = 0; path = Pods_WBooks_WBooksUITests.framework; sourceTree = BUILT_PRODUCTS_DIR; };
		B23E0CAA1B7A84036EE58E20 /* Pods-WBooks-WBooksUITests.debug.xcconfig */ = {isa = PBXFileReference; includeInIndex = 1; lastKnownFileType = text.xcconfig; name = "Pods-WBooks-WBooksUITests.debug.xcconfig"; path = "Target Support Files/Pods-WBooks-WBooksUITests/Pods-WBooks-WBooksUITests.debug.xcconfig"; sourceTree = "<group>"; };
		C8665153AFB590E4280B0E2A /* Pods-WBooks.debug.xcconfig */ = {isa = PBXFileReference; includeInIndex = 1; lastKnownFileType = text.xcconfig; name = "Pods-WBooks.debug.xcconfig"; path = "Target Support Files/Pods-WBooks/Pods-WBooks.debug.xcconfig"; sourceTree = "<group>"; };
		DA0D338BC8E12CDF53933817 /* Pods_WBooks.framework */ = {isa = PBXFileReference; explicitFileType = wrapper.framework; includeInIndex = 0; path = Pods_WBooks.framework; sourceTree = BUILT_PRODUCTS_DIR; };
		DD0FEE3E95BC13B5FFC1A055 /* Pods-WBooks.release.xcconfig */ = {isa = PBXFileReference; includeInIndex = 1; lastKnownFileType = text.xcconfig; name = "Pods-WBooks.release.xcconfig"; path = "Target Support Files/Pods-WBooks/Pods-WBooks.release.xcconfig"; sourceTree = "<group>"; };
/* End PBXFileReference section */

/* Begin PBXFrameworksBuildPhase section */
		6E4527B426BD648F0008C123 /* Frameworks */ = {
			isa = PBXFrameworksBuildPhase;
			buildActionMask = 2147483647;
			files = (
				4878573461A83033F248EBBB /* Pods_WBooks.framework in Frameworks */,
			);
			runOnlyForDeploymentPostprocessing = 0;
		};
		6E4527CA26BD64940008C123 /* Frameworks */ = {
			isa = PBXFrameworksBuildPhase;
			buildActionMask = 2147483647;
			files = (
				32882C24C3FCFE32BC0A8E6D /* Pods_WBooksTests.framework in Frameworks */,
			);
			runOnlyForDeploymentPostprocessing = 0;
		};
		6E4527D526BD64940008C123 /* Frameworks */ = {
			isa = PBXFrameworksBuildPhase;
			buildActionMask = 2147483647;
			files = (
				F812BF3849A843CB196C4FDC /* Pods_WBooks_WBooksUITests.framework in Frameworks */,
			);
			runOnlyForDeploymentPostprocessing = 0;
		};
/* End PBXFrameworksBuildPhase section */

/* Begin PBXGroup section */
		10432DA326CD4C89004CA44F /* Localizable */ = {
			isa = PBXGroup;
			children = (
				10432DB226CD53EC004CA44F /* Localizable.strings */,
			);
			path = Localizable;
			sourceTree = "<group>";
		};
		10432DB626CDB150004CA44F /* TabBar */ = {
			isa = PBXGroup;
			children = (
				10432DB726CDB1F9004CA44F /* TabBarController.swift */,
			);
			path = TabBar;
			sourceTree = "<group>";
		};
		10432DB926CDB2B0004CA44F /* Wishlist */ = {
			isa = PBXGroup;
			children = (
				10432DBD26CDB6AA004CA44F /* WishListViewController.swift */,
				10432DBF26CDB6B1004CA44F /* WishListView.swift */,
				10432DC126CDB6C7004CA44F /* WishListView.xib */,
				10432DDB26D3F754004CA44F /* WishlistViewModel.swift */,
			);
			path = Wishlist;
			sourceTree = "<group>";
		};
		10432DBA26CDB2BB004CA44F /* AddNew */ = {
			isa = PBXGroup;
			children = (
				10432DC326CEAF38004CA44F /* AddNewViewController.swift */,
				10432DC926CEAF96004CA44F /* AddNewView.swift */,
				10432DCF26CEB094004CA44F /* AddNewView.xib */,
				10432DD926D3F72E004CA44F /* AddNewViewModel.swift */,
			);
			path = AddNew;
			sourceTree = "<group>";
		};
		10432DBB26CDB2C5004CA44F /* Rentals */ = {
			isa = PBXGroup;
			children = (
				10432DC526CEAF43004CA44F /* RentalsViewController.swift */,
				10432DCB26CEAFAB004CA44F /* RentalsView.swift */,
				10432DD126CEB0D7004CA44F /* RentalsView.xib */,
				10432DD726D3F6FD004CA44F /* RentalsViewModel.swift */,
			);
			path = Rentals;
			sourceTree = "<group>";
		};
		10432DBC26CDB2CC004CA44F /* Settings */ = {
			isa = PBXGroup;
			children = (
				10432DC726CEAF50004CA44F /* SettingsViewController.swift */,
				10432DCD26CEAFBB004CA44F /* SettingsView.swift */,
				10432DD326CEB104004CA44F /* SettingsView.xib */,
				10432DD526D3F5FA004CA44F /* SettingsViewModel.swift */,
			);
			path = Settings;
			sourceTree = "<group>";
		};
		104D041726C6B2B500C755DA /* Model */ = {
			isa = PBXGroup;
			children = (
				104D041826C6B2CD00C755DA /* Book.swift */,
			);
			path = Model;
			sourceTree = "<group>";
		};
		104D041A26C6DBD600C755DA /* Extensions */ = {
			isa = PBXGroup;
			children = (
				104D041B26C6DBF800C755DA /* Colors.swift */,
				104D041D26C6DC0200C755DA /* Fonts.swift */,
				10432DA126CCAAD5004CA44F /* Images.swift */,
			);
			path = Extensions;
			sourceTree = "<group>";
		};
		105C317D26C5C0250070325C /* Common */ = {
			isa = PBXGroup;
			children = (
				105C317E26C5C03B0070325C /* NibView.swift */,
			);
			path = Common;
			sourceTree = "<group>";
		};
		105C318426C5D5EA0070325C /* Library */ = {
			isa = PBXGroup;
			children = (
				104D041726C6B2B500C755DA /* Model */,
				105C318B26C6097A0070325C /* Cell */,
				105C318526C5D8A60070325C /* LibraryViewController.swift */,
				105C318726C5DAB90070325C /* LibraryView.swift */,
				105C318926C5DAC70070325C /* LibraryView.xib */,
				10432DDF26D3F78A004CA44F /* LibraryViewModel.swift */,
			);
			path = Library;
			sourceTree = "<group>";
		};
		105C318B26C6097A0070325C /* Cell */ = {
			isa = PBXGroup;
			children = (
				105C318C26C6099D0070325C /* LibraryTableViewCell.swift */,
				105C318E26C60B8F0070325C /* LibraryTableViewCell.xib */,
			);
			path = Cell;
			sourceTree = "<group>";
		};
		6E4527AE26BD648F0008C123 = {
			isa = PBXGroup;
			children = (
				6E4527B926BD648F0008C123 /* WBooks */,
				6E4527D026BD64940008C123 /* WBooksTests */,
				6E4527DB26BD64940008C123 /* WBooksUITests */,
				6E4527B826BD648F0008C123 /* Products */,
				C63EAD17284A675286F42844 /* Pods */,
				AC4CD4EEBAA95A4E1C0ED42B /* Frameworks */,
			);
			sourceTree = "<group>";
		};
		6E4527B826BD648F0008C123 /* Products */ = {
			isa = PBXGroup;
			children = (
				6E4527B726BD648F0008C123 /* WBooks.app */,
				6E4527CD26BD64940008C123 /* WBooksTests.xctest */,
				6E4527D826BD64940008C123 /* WBooksUITests.xctest */,
			);
			name = Products;
			sourceTree = "<group>";
		};
		6E4527B926BD648F0008C123 /* WBooks */ = {
			isa = PBXGroup;
			children = (
				10432DBC26CDB2CC004CA44F /* Settings */,
				10432DBB26CDB2C5004CA44F /* Rentals */,
				10432DBA26CDB2BB004CA44F /* AddNew */,
				10432DB926CDB2B0004CA44F /* Wishlist */,
				10432DB626CDB150004CA44F /* TabBar */,
				10432DA326CD4C89004CA44F /* Localizable */,
				104D041A26C6DBD600C755DA /* Extensions */,
				105C317D26C5C0250070325C /* Common */,
				6ED8635A26C2490F00A5E21D /* Login */,
				105C318426C5D5EA0070325C /* Library */,
				6ED8637126C24A7000A5E21D /* Assets */,
				6ED862BC26C2239200A5E21D /* ConfigurationFiles */,
				6E4527BA26BD648F0008C123 /* AppDelegate.swift */,
				6E4527BC26BD648F0008C123 /* SceneDelegate.swift */,
				6E4527C326BD64940008C123 /* Assets.xcassets */,
				6E4527C526BD64940008C123 /* LaunchScreen.storyboard */,
				6E4527C826BD64940008C123 /* Info.plist */,
			);
			path = WBooks;
			sourceTree = "<group>";
		};
		6E4527D026BD64940008C123 /* WBooksTests */ = {
			isa = PBXGroup;
			children = (
				6E4527D126BD64940008C123 /* WBooksTests.swift */,
				6E4527D326BD64940008C123 /* Info.plist */,
			);
			path = WBooksTests;
			sourceTree = "<group>";
		};
		6E4527DB26BD64940008C123 /* WBooksUITests */ = {
			isa = PBXGroup;
			children = (
				6E4527DC26BD64940008C123 /* WBooksUITests.swift */,
				6E4527DE26BD64940008C123 /* Info.plist */,
			);
			path = WBooksUITests;
			sourceTree = "<group>";
		};
		6ED862BC26C2239200A5E21D /* ConfigurationFiles */ = {
			isa = PBXGroup;
			children = (
				6ED862CA26C23C1200A5E21D /* Debug.xcconfig */,
				6ED862CB26C23C3C00A5E21D /* Release.xcconfig */,
			);
			path = ConfigurationFiles;
			sourceTree = "<group>";
		};
		6ED8635A26C2490F00A5E21D /* Login */ = {
			isa = PBXGroup;
			children = (
				6ED8635B26C2494300A5E21D /* LoginViewController.swift */,
				105C318026C5C0BD0070325C /* LoginView.swift */,
				105C318226C5C0F10070325C /* LoginView.xib */,
				10432DDD26D3F76B004CA44F /* LoginViewModel.swift */,
			);
			path = Login;
			sourceTree = "<group>";
		};
		6ED8637126C24A7000A5E21D /* Assets */ = {
			isa = PBXGroup;
			children = (
				6ED8637226C24A9000A5E21D /* Media.xcassets */,
			);
			path = Assets;
			sourceTree = "<group>";
		};
		AC4CD4EEBAA95A4E1C0ED42B /* Frameworks */ = {
			isa = PBXGroup;
			children = (
				DA0D338BC8E12CDF53933817 /* Pods_WBooks.framework */,
				ACA1AFF1B311A9162A24151E /* Pods_WBooks_WBooksUITests.framework */,
				30E4485C6208B5965D1D114E /* Pods_WBooksTests.framework */,
			);
			name = Frameworks;
			sourceTree = "<group>";
		};
		C63EAD17284A675286F42844 /* Pods */ = {
			isa = PBXGroup;
			children = (
				C8665153AFB590E4280B0E2A /* Pods-WBooks.debug.xcconfig */,
				DD0FEE3E95BC13B5FFC1A055 /* Pods-WBooks.release.xcconfig */,
				B23E0CAA1B7A84036EE58E20 /* Pods-WBooks-WBooksUITests.debug.xcconfig */,
				1634E926E8A89FB08B0FFBA3 /* Pods-WBooks-WBooksUITests.release.xcconfig */,
				7A48EB257D0B43A13C416421 /* Pods-WBooksTests.debug.xcconfig */,
				9BAE84C691491201654E55DF /* Pods-WBooksTests.release.xcconfig */,
			);
			path = Pods;
			sourceTree = "<group>";
		};
/* End PBXGroup section */

/* Begin PBXNativeTarget section */
		6E4527B626BD648F0008C123 /* WBooks */ = {
			isa = PBXNativeTarget;
			buildConfigurationList = 6E4527E126BD64940008C123 /* Build configuration list for PBXNativeTarget "WBooks" */;
			buildPhases = (
				77A7DCB315FC1874A4D182D0 /* [CP] Check Pods Manifest.lock */,
				6E4527B326BD648F0008C123 /* Sources */,
				6E4527B426BD648F0008C123 /* Frameworks */,
				6E4527B526BD648F0008C123 /* Resources */,
				816E6ECF724495FB8629B49D /* [CP] Embed Pods Frameworks */,
			);
			buildRules = (
			);
			dependencies = (
			);
			name = WBooks;
			productName = WBooks;
			productReference = 6E4527B726BD648F0008C123 /* WBooks.app */;
			productType = "com.apple.product-type.application";
		};
		6E4527CC26BD64940008C123 /* WBooksTests */ = {
			isa = PBXNativeTarget;
			buildConfigurationList = 6E4527E426BD64940008C123 /* Build configuration list for PBXNativeTarget "WBooksTests" */;
			buildPhases = (
				80C3D8586F42A5B200A5DB59 /* [CP] Check Pods Manifest.lock */,
				6E4527C926BD64940008C123 /* Sources */,
				6E4527CA26BD64940008C123 /* Frameworks */,
				6E4527CB26BD64940008C123 /* Resources */,
			);
			buildRules = (
			);
			dependencies = (
				6E4527CF26BD64940008C123 /* PBXTargetDependency */,
			);
			name = WBooksTests;
			productName = WBooksTests;
			productReference = 6E4527CD26BD64940008C123 /* WBooksTests.xctest */;
			productType = "com.apple.product-type.bundle.unit-test";
		};
		6E4527D726BD64940008C123 /* WBooksUITests */ = {
			isa = PBXNativeTarget;
			buildConfigurationList = 6E4527E726BD64940008C123 /* Build configuration list for PBXNativeTarget "WBooksUITests" */;
			buildPhases = (
				E2041DFD8060779750C8FAA0 /* [CP] Check Pods Manifest.lock */,
				6E4527D426BD64940008C123 /* Sources */,
				6E4527D526BD64940008C123 /* Frameworks */,
				6E4527D626BD64940008C123 /* Resources */,
				BC279E490ABFAE2A47C22F85 /* [CP] Embed Pods Frameworks */,
			);
			buildRules = (
			);
			dependencies = (
				6E4527DA26BD64940008C123 /* PBXTargetDependency */,
			);
			name = WBooksUITests;
			productName = WBooksUITests;
			productReference = 6E4527D826BD64940008C123 /* WBooksUITests.xctest */;
			productType = "com.apple.product-type.bundle.ui-testing";
		};
/* End PBXNativeTarget section */

/* Begin PBXProject section */
		6E4527AF26BD648F0008C123 /* Project object */ = {
			isa = PBXProject;
			attributes = {
				LastSwiftUpdateCheck = 1240;
				LastUpgradeCheck = 1240;
				TargetAttributes = {
					6E4527B626BD648F0008C123 = {
						CreatedOnToolsVersion = 12.4;
					};
					6E4527CC26BD64940008C123 = {
						CreatedOnToolsVersion = 12.4;
						TestTargetID = 6E4527B626BD648F0008C123;
					};
					6E4527D726BD64940008C123 = {
						CreatedOnToolsVersion = 12.4;
						TestTargetID = 6E4527B626BD648F0008C123;
					};
				};
			};
			buildConfigurationList = 6E4527B226BD648F0008C123 /* Build configuration list for PBXProject "WBooks" */;
			compatibilityVersion = "Xcode 9.3";
			developmentRegion = en;
			hasScannedForEncodings = 0;
			knownRegions = (
				en,
				Base,
				es,
			);
			mainGroup = 6E4527AE26BD648F0008C123;
			productRefGroup = 6E4527B826BD648F0008C123 /* Products */;
			projectDirPath = "";
			projectRoot = "";
			targets = (
				6E4527B626BD648F0008C123 /* WBooks */,
				6E4527CC26BD64940008C123 /* WBooksTests */,
				6E4527D726BD64940008C123 /* WBooksUITests */,
			);
		};
/* End PBXProject section */

/* Begin PBXResourcesBuildPhase section */
		6E4527B526BD648F0008C123 /* Resources */ = {
			isa = PBXResourcesBuildPhase;
			buildActionMask = 2147483647;
			files = (
				6E4527C726BD64940008C123 /* LaunchScreen.storyboard in Resources */,
				6ED8637326C24A9000A5E21D /* Media.xcassets in Resources */,
				105C318326C5C0F10070325C /* LoginView.xib in Resources */,
				10432DC226CDB6C7004CA44F /* WishListView.xib in Resources */,
				10432DD026CEB094004CA44F /* AddNewView.xib in Resources */,
				10432DB026CD53EC004CA44F /* Localizable.strings in Resources */,
				6E4527C426BD64940008C123 /* Assets.xcassets in Resources */,
				10432DD426CEB104004CA44F /* SettingsView.xib in Resources */,
				105C318A26C5DAC70070325C /* LibraryView.xib in Resources */,
				10432DD226CEB0D7004CA44F /* RentalsView.xib in Resources */,
				105C318F26C60B8F0070325C /* LibraryTableViewCell.xib in Resources */,
			);
			runOnlyForDeploymentPostprocessing = 0;
		};
		6E4527CB26BD64940008C123 /* Resources */ = {
			isa = PBXResourcesBuildPhase;
			buildActionMask = 2147483647;
			files = (
			);
			runOnlyForDeploymentPostprocessing = 0;
		};
		6E4527D626BD64940008C123 /* Resources */ = {
			isa = PBXResourcesBuildPhase;
			buildActionMask = 2147483647;
			files = (
			);
			runOnlyForDeploymentPostprocessing = 0;
		};
/* End PBXResourcesBuildPhase section */

/* Begin PBXShellScriptBuildPhase section */
		77A7DCB315FC1874A4D182D0 /* [CP] Check Pods Manifest.lock */ = {
			isa = PBXShellScriptBuildPhase;
			buildActionMask = 2147483647;
			files = (
			);
			inputFileListPaths = (
			);
			inputPaths = (
				"${PODS_PODFILE_DIR_PATH}/Podfile.lock",
				"${PODS_ROOT}/Manifest.lock",
			);
			name = "[CP] Check Pods Manifest.lock";
			outputFileListPaths = (
			);
			outputPaths = (
				"$(DERIVED_FILE_DIR)/Pods-WBooks-checkManifestLockResult.txt",
			);
			runOnlyForDeploymentPostprocessing = 0;
			shellPath = /bin/sh;
			shellScript = "diff \"${PODS_PODFILE_DIR_PATH}/Podfile.lock\" \"${PODS_ROOT}/Manifest.lock\" > /dev/null\nif [ $? != 0 ] ; then\n    # print error to STDERR\n    echo \"error: The sandbox is not in sync with the Podfile.lock. Run 'pod install' or update your CocoaPods installation.\" >&2\n    exit 1\nfi\n# This output is used by Xcode 'outputs' to avoid re-running this script phase.\necho \"SUCCESS\" > \"${SCRIPT_OUTPUT_FILE_0}\"\n";
			showEnvVarsInLog = 0;
		};
		80C3D8586F42A5B200A5DB59 /* [CP] Check Pods Manifest.lock */ = {
			isa = PBXShellScriptBuildPhase;
			buildActionMask = 2147483647;
			files = (
			);
			inputFileListPaths = (
			);
			inputPaths = (
				"${PODS_PODFILE_DIR_PATH}/Podfile.lock",
				"${PODS_ROOT}/Manifest.lock",
			);
			name = "[CP] Check Pods Manifest.lock";
			outputFileListPaths = (
			);
			outputPaths = (
				"$(DERIVED_FILE_DIR)/Pods-WBooksTests-checkManifestLockResult.txt",
			);
			runOnlyForDeploymentPostprocessing = 0;
			shellPath = /bin/sh;
			shellScript = "diff \"${PODS_PODFILE_DIR_PATH}/Podfile.lock\" \"${PODS_ROOT}/Manifest.lock\" > /dev/null\nif [ $? != 0 ] ; then\n    # print error to STDERR\n    echo \"error: The sandbox is not in sync with the Podfile.lock. Run 'pod install' or update your CocoaPods installation.\" >&2\n    exit 1\nfi\n# This output is used by Xcode 'outputs' to avoid re-running this script phase.\necho \"SUCCESS\" > \"${SCRIPT_OUTPUT_FILE_0}\"\n";
			showEnvVarsInLog = 0;
		};
		816E6ECF724495FB8629B49D /* [CP] Embed Pods Frameworks */ = {
			isa = PBXShellScriptBuildPhase;
			buildActionMask = 2147483647;
			files = (
			);
			inputFileListPaths = (
				"${PODS_ROOT}/Target Support Files/Pods-WBooks/Pods-WBooks-frameworks-${CONFIGURATION}-input-files.xcfilelist",
			);
			name = "[CP] Embed Pods Frameworks";
			outputFileListPaths = (
				"${PODS_ROOT}/Target Support Files/Pods-WBooks/Pods-WBooks-frameworks-${CONFIGURATION}-output-files.xcfilelist",
			);
			runOnlyForDeploymentPostprocessing = 0;
			shellPath = /bin/sh;
			shellScript = "\"${PODS_ROOT}/Target Support Files/Pods-WBooks/Pods-WBooks-frameworks.sh\"\n";
			showEnvVarsInLog = 0;
		};
		BC279E490ABFAE2A47C22F85 /* [CP] Embed Pods Frameworks */ = {
			isa = PBXShellScriptBuildPhase;
			buildActionMask = 2147483647;
			files = (
			);
			inputFileListPaths = (
				"${PODS_ROOT}/Target Support Files/Pods-WBooks-WBooksUITests/Pods-WBooks-WBooksUITests-frameworks-${CONFIGURATION}-input-files.xcfilelist",
			);
			name = "[CP] Embed Pods Frameworks";
			outputFileListPaths = (
				"${PODS_ROOT}/Target Support Files/Pods-WBooks-WBooksUITests/Pods-WBooks-WBooksUITests-frameworks-${CONFIGURATION}-output-files.xcfilelist",
			);
			runOnlyForDeploymentPostprocessing = 0;
			shellPath = /bin/sh;
			shellScript = "\"${PODS_ROOT}/Target Support Files/Pods-WBooks-WBooksUITests/Pods-WBooks-WBooksUITests-frameworks.sh\"\n";
			showEnvVarsInLog = 0;
		};
		E2041DFD8060779750C8FAA0 /* [CP] Check Pods Manifest.lock */ = {
			isa = PBXShellScriptBuildPhase;
			buildActionMask = 2147483647;
			files = (
			);
			inputFileListPaths = (
			);
			inputPaths = (
				"${PODS_PODFILE_DIR_PATH}/Podfile.lock",
				"${PODS_ROOT}/Manifest.lock",
			);
			name = "[CP] Check Pods Manifest.lock";
			outputFileListPaths = (
			);
			outputPaths = (
				"$(DERIVED_FILE_DIR)/Pods-WBooks-WBooksUITests-checkManifestLockResult.txt",
			);
			runOnlyForDeploymentPostprocessing = 0;
			shellPath = /bin/sh;
			shellScript = "diff \"${PODS_PODFILE_DIR_PATH}/Podfile.lock\" \"${PODS_ROOT}/Manifest.lock\" > /dev/null\nif [ $? != 0 ] ; then\n    # print error to STDERR\n    echo \"error: The sandbox is not in sync with the Podfile.lock. Run 'pod install' or update your CocoaPods installation.\" >&2\n    exit 1\nfi\n# This output is used by Xcode 'outputs' to avoid re-running this script phase.\necho \"SUCCESS\" > \"${SCRIPT_OUTPUT_FILE_0}\"\n";
			showEnvVarsInLog = 0;
		};
/* End PBXShellScriptBuildPhase section */

/* Begin PBXSourcesBuildPhase section */
		6E4527B326BD648F0008C123 /* Sources */ = {
			isa = PBXSourcesBuildPhase;
			buildActionMask = 2147483647;
			files = (
				10432DCE26CEAFBB004CA44F /* SettingsView.swift in Sources */,
				105C318826C5DAB90070325C /* LibraryView.swift in Sources */,
				10432DC026CDB6B1004CA44F /* WishListView.swift in Sources */,
				10432DB826CDB1F9004CA44F /* TabBarController.swift in Sources */,
				10432DA226CCAAD5004CA44F /* Images.swift in Sources */,
				10432DBE26CDB6AA004CA44F /* WishListViewController.swift in Sources */,
				10432DDC26D3F754004CA44F /* WishlistViewModel.swift in Sources */,
				10432DE026D3F78A004CA44F /* LibraryViewModel.swift in Sources */,
				104D041C26C6DBF800C755DA /* Colors.swift in Sources */,
				10432DDE26D3F76B004CA44F /* LoginViewModel.swift in Sources */,
				10432DDA26D3F72E004CA44F /* AddNewViewModel.swift in Sources */,
				105C317F26C5C03B0070325C /* NibView.swift in Sources */,
				10432DC426CEAF38004CA44F /* AddNewViewController.swift in Sources */,
				10432DD826D3F6FD004CA44F /* RentalsViewModel.swift in Sources */,
				6ED8635C26C2494300A5E21D /* LoginViewController.swift in Sources */,
				6E4527BB26BD648F0008C123 /* AppDelegate.swift in Sources */,
				105C318126C5C0BD0070325C /* LoginView.swift in Sources */,
				104D041926C6B2CD00C755DA /* Book.swift in Sources */,
				10432DCC26CEAFAB004CA44F /* RentalsView.swift in Sources */,
				105C318D26C6099D0070325C /* LibraryTableViewCell.swift in Sources */,
				104D041E26C6DC0200C755DA /* Fonts.swift in Sources */,
				10432DCA26CEAF96004CA44F /* AddNewView.swift in Sources */,
				10432DC626CEAF43004CA44F /* RentalsViewController.swift in Sources */,
				105C318626C5D8A60070325C /* LibraryViewController.swift in Sources */,
				10432DD626D3F5FA004CA44F /* SettingsViewModel.swift in Sources */,
				6E4527BD26BD648F0008C123 /* SceneDelegate.swift in Sources */,
				10432DC826CEAF50004CA44F /* SettingsViewController.swift in Sources */,
			);
			runOnlyForDeploymentPostprocessing = 0;
		};
		6E4527C926BD64940008C123 /* Sources */ = {
			isa = PBXSourcesBuildPhase;
			buildActionMask = 2147483647;
			files = (
				6E4527D226BD64940008C123 /* WBooksTests.swift in Sources */,
			);
			runOnlyForDeploymentPostprocessing = 0;
		};
		6E4527D426BD64940008C123 /* Sources */ = {
			isa = PBXSourcesBuildPhase;
			buildActionMask = 2147483647;
			files = (
				6E4527DD26BD64940008C123 /* WBooksUITests.swift in Sources */,
			);
			runOnlyForDeploymentPostprocessing = 0;
		};
/* End PBXSourcesBuildPhase section */

/* Begin PBXTargetDependency section */
		6E4527CF26BD64940008C123 /* PBXTargetDependency */ = {
			isa = PBXTargetDependency;
			target = 6E4527B626BD648F0008C123 /* WBooks */;
			targetProxy = 6E4527CE26BD64940008C123 /* PBXContainerItemProxy */;
		};
		6E4527DA26BD64940008C123 /* PBXTargetDependency */ = {
			isa = PBXTargetDependency;
			target = 6E4527B626BD648F0008C123 /* WBooks */;
			targetProxy = 6E4527D926BD64940008C123 /* PBXContainerItemProxy */;
		};
/* End PBXTargetDependency section */

/* Begin PBXVariantGroup section */
		10432DB226CD53EC004CA44F /* Localizable.strings */ = {
			isa = PBXVariantGroup;
			children = (
				10432DB126CD53EC004CA44F /* en */,
				10432DB526CD5403004CA44F /* es */,
			);
			name = Localizable.strings;
			sourceTree = "<group>";
		};
		6E4527C526BD64940008C123 /* LaunchScreen.storyboard */ = {
			isa = PBXVariantGroup;
			children = (
				6E4527C626BD64940008C123 /* Base */,
				10432DB426CD5402004CA44F /* es */,
			);
			name = LaunchScreen.storyboard;
			sourceTree = "<group>";
		};
/* End PBXVariantGroup section */

/* Begin XCBuildConfiguration section */
		6ED862C026C2383200A5E21D /* Debug */ = {
			isa = XCBuildConfiguration;
			baseConfigurationReference = 6ED862CA26C23C1200A5E21D /* Debug.xcconfig */;
			buildSettings = {
				ALWAYS_SEARCH_USER_PATHS = NO;
				CLANG_ANALYZER_LOCALIZABILITY_NONLOCALIZED = YES;
				CLANG_ANALYZER_NONNULL = YES;
				CLANG_ANALYZER_NUMBER_OBJECT_CONVERSION = YES_AGGRESSIVE;
				CLANG_CXX_LANGUAGE_STANDARD = "gnu++14";
				CLANG_CXX_LIBRARY = "libc++";
				CLANG_ENABLE_MODULES = YES;
				CLANG_ENABLE_OBJC_ARC = YES;
				CLANG_ENABLE_OBJC_WEAK = YES;
				CLANG_WARN_BLOCK_CAPTURE_AUTORELEASING = YES;
				CLANG_WARN_BOOL_CONVERSION = YES;
				CLANG_WARN_COMMA = YES;
				CLANG_WARN_CONSTANT_CONVERSION = YES;
				CLANG_WARN_DEPRECATED_OBJC_IMPLEMENTATIONS = YES;
				CLANG_WARN_DIRECT_OBJC_ISA_USAGE = YES_ERROR;
				CLANG_WARN_DOCUMENTATION_COMMENTS = YES;
				CLANG_WARN_EMPTY_BODY = YES;
				CLANG_WARN_ENUM_CONVERSION = YES;
				CLANG_WARN_INFINITE_RECURSION = YES;
				CLANG_WARN_INT_CONVERSION = YES;
				CLANG_WARN_NON_LITERAL_NULL_CONVERSION = YES;
				CLANG_WARN_OBJC_IMPLICIT_RETAIN_SELF = YES;
				CLANG_WARN_OBJC_LITERAL_CONVERSION = YES;
				CLANG_WARN_OBJC_ROOT_CLASS = YES_ERROR;
				CLANG_WARN_QUOTED_INCLUDE_IN_FRAMEWORK_HEADER = YES;
				CLANG_WARN_RANGE_LOOP_ANALYSIS = YES;
				CLANG_WARN_STRICT_PROTOTYPES = YES;
				CLANG_WARN_SUSPICIOUS_MOVE = YES;
				CLANG_WARN_UNGUARDED_AVAILABILITY = YES_AGGRESSIVE;
				CLANG_WARN_UNREACHABLE_CODE = YES;
				CLANG_WARN__DUPLICATE_METHOD_MATCH = YES;
				COPY_PHASE_STRIP = NO;
				DEBUG_INFORMATION_FORMAT = "dwarf-with-dsym";
				ENABLE_NS_ASSERTIONS = NO;
				ENABLE_STRICT_OBJC_MSGSEND = YES;
				ENABLE_TESTABILITY = YES;
				GCC_C_LANGUAGE_STANDARD = gnu11;
				GCC_NO_COMMON_BLOCKS = YES;
				GCC_WARN_64_TO_32_BIT_CONVERSION = YES;
				GCC_WARN_ABOUT_RETURN_TYPE = YES_ERROR;
				GCC_WARN_UNDECLARED_SELECTOR = YES;
				GCC_WARN_UNINITIALIZED_AUTOS = YES_AGGRESSIVE;
				GCC_WARN_UNUSED_FUNCTION = YES;
				GCC_WARN_UNUSED_VARIABLE = YES;
				IPHONEOS_DEPLOYMENT_TARGET = 14.4;
				MTL_ENABLE_DEBUG_INFO = NO;
				MTL_FAST_MATH = YES;
				ONLY_ACTIVE_ARCH = YES;
				SDKROOT = iphoneos;
				SWIFT_COMPILATION_MODE = wholemodule;
				SWIFT_OPTIMIZATION_LEVEL = "-O";
				VALIDATE_PRODUCT = YES;
			};
			name = Debug;
		};
		6ED862C126C2383200A5E21D /* Debug */ = {
			isa = XCBuildConfiguration;
			baseConfigurationReference = C8665153AFB590E4280B0E2A /* Pods-WBooks.debug.xcconfig */;
			buildSettings = {
				ASSETCATALOG_COMPILER_APPICON_NAME = AppIcon;
				ASSETCATALOG_COMPILER_GLOBAL_ACCENT_COLOR_NAME = AccentColor;
				CODE_SIGN_STYLE = Automatic;
				INFOPLIST_FILE = WBooks/Info.plist;
				LD_RUNPATH_SEARCH_PATHS = (
					"$(inherited)",
					"@executable_path/Frameworks",
				);
				PRODUCT_BUNDLE_IDENTIFIER = app.WBooks;
				PRODUCT_NAME = "$(TARGET_NAME)";
				SWIFT_VERSION = 5.0;
				TARGETED_DEVICE_FAMILY = "1,2";
			};
			name = Debug;
		};
		6ED862C226C2383200A5E21D /* Debug */ = {
			isa = XCBuildConfiguration;
			baseConfigurationReference = 7A48EB257D0B43A13C416421 /* Pods-WBooksTests.debug.xcconfig */;
			buildSettings = {
				ALWAYS_EMBED_SWIFT_STANDARD_LIBRARIES = YES;
				BUNDLE_LOADER = "$(TEST_HOST)";
				CODE_SIGN_STYLE = Automatic;
				INFOPLIST_FILE = WBooksTests/Info.plist;
				IPHONEOS_DEPLOYMENT_TARGET = 14.4;
				LD_RUNPATH_SEARCH_PATHS = (
					"$(inherited)",
					"@executable_path/Frameworks",
					"@loader_path/Frameworks",
				);
				PRODUCT_BUNDLE_IDENTIFIER = app.WBooksTests;
				PRODUCT_NAME = "$(TARGET_NAME)";
				SWIFT_VERSION = 5.0;
				TARGETED_DEVICE_FAMILY = "1,2";
				TEST_HOST = "$(BUILT_PRODUCTS_DIR)/WBooks.app/WBooks";
			};
			name = Debug;
		};
		6ED862C326C2383200A5E21D /* Debug */ = {
			isa = XCBuildConfiguration;
			baseConfigurationReference = B23E0CAA1B7A84036EE58E20 /* Pods-WBooks-WBooksUITests.debug.xcconfig */;
			buildSettings = {
				ALWAYS_EMBED_SWIFT_STANDARD_LIBRARIES = YES;
				CODE_SIGN_STYLE = Automatic;
				INFOPLIST_FILE = WBooksUITests/Info.plist;
				LD_RUNPATH_SEARCH_PATHS = (
					"$(inherited)",
					"@executable_path/Frameworks",
					"@loader_path/Frameworks",
				);
				PRODUCT_BUNDLE_IDENTIFIER = app.WBooksUITests;
				PRODUCT_NAME = "$(TARGET_NAME)";
				SWIFT_VERSION = 5.0;
				TARGETED_DEVICE_FAMILY = "1,2";
				TEST_TARGET_NAME = WBooks;
			};
			name = Debug;
		};
		6ED8631A26C2446400A5E21D /* Release */ = {
			isa = XCBuildConfiguration;
			baseConfigurationReference = 6ED862CB26C23C3C00A5E21D /* Release.xcconfig */;
			buildSettings = {
				ALWAYS_SEARCH_USER_PATHS = NO;
				CLANG_ANALYZER_LOCALIZABILITY_NONLOCALIZED = YES;
				CLANG_ANALYZER_NONNULL = YES;
				CLANG_ANALYZER_NUMBER_OBJECT_CONVERSION = YES_AGGRESSIVE;
				CLANG_CXX_LANGUAGE_STANDARD = "gnu++14";
				CLANG_CXX_LIBRARY = "libc++";
				CLANG_ENABLE_MODULES = YES;
				CLANG_ENABLE_OBJC_ARC = YES;
				CLANG_ENABLE_OBJC_WEAK = YES;
				CLANG_WARN_BLOCK_CAPTURE_AUTORELEASING = YES;
				CLANG_WARN_BOOL_CONVERSION = YES;
				CLANG_WARN_COMMA = YES;
				CLANG_WARN_CONSTANT_CONVERSION = YES;
				CLANG_WARN_DEPRECATED_OBJC_IMPLEMENTATIONS = YES;
				CLANG_WARN_DIRECT_OBJC_ISA_USAGE = YES_ERROR;
				CLANG_WARN_DOCUMENTATION_COMMENTS = YES;
				CLANG_WARN_EMPTY_BODY = YES;
				CLANG_WARN_ENUM_CONVERSION = YES;
				CLANG_WARN_INFINITE_RECURSION = YES;
				CLANG_WARN_INT_CONVERSION = YES;
				CLANG_WARN_NON_LITERAL_NULL_CONVERSION = YES;
				CLANG_WARN_OBJC_IMPLICIT_RETAIN_SELF = YES;
				CLANG_WARN_OBJC_LITERAL_CONVERSION = YES;
				CLANG_WARN_OBJC_ROOT_CLASS = YES_ERROR;
				CLANG_WARN_QUOTED_INCLUDE_IN_FRAMEWORK_HEADER = YES;
				CLANG_WARN_RANGE_LOOP_ANALYSIS = YES;
				CLANG_WARN_STRICT_PROTOTYPES = YES;
				CLANG_WARN_SUSPICIOUS_MOVE = YES;
				CLANG_WARN_UNGUARDED_AVAILABILITY = YES_AGGRESSIVE;
				CLANG_WARN_UNREACHABLE_CODE = YES;
				CLANG_WARN__DUPLICATE_METHOD_MATCH = YES;
				COPY_PHASE_STRIP = NO;
				DEBUG_INFORMATION_FORMAT = "dwarf-with-dsym";
				ENABLE_NS_ASSERTIONS = NO;
				ENABLE_STRICT_OBJC_MSGSEND = YES;
				GCC_C_LANGUAGE_STANDARD = gnu11;
				GCC_NO_COMMON_BLOCKS = YES;
				GCC_WARN_64_TO_32_BIT_CONVERSION = YES;
				GCC_WARN_ABOUT_RETURN_TYPE = YES_ERROR;
				GCC_WARN_UNDECLARED_SELECTOR = YES;
				GCC_WARN_UNINITIALIZED_AUTOS = YES_AGGRESSIVE;
				GCC_WARN_UNUSED_FUNCTION = YES;
				GCC_WARN_UNUSED_VARIABLE = YES;
				IPHONEOS_DEPLOYMENT_TARGET = 14.4;
				MTL_ENABLE_DEBUG_INFO = NO;
				MTL_FAST_MATH = YES;
				SDKROOT = iphoneos;
				SWIFT_COMPILATION_MODE = wholemodule;
				SWIFT_OPTIMIZATION_LEVEL = "-O";
				VALIDATE_PRODUCT = YES;
			};
			name = Release;
		};
		6ED8631B26C2446400A5E21D /* Release */ = {
			isa = XCBuildConfiguration;
			baseConfigurationReference = DD0FEE3E95BC13B5FFC1A055 /* Pods-WBooks.release.xcconfig */;
			buildSettings = {
				ASSETCATALOG_COMPILER_APPICON_NAME = AppIcon;
				ASSETCATALOG_COMPILER_GLOBAL_ACCENT_COLOR_NAME = AccentColor;
				CODE_SIGN_STYLE = Automatic;
				INFOPLIST_FILE = WBooks/Info.plist;
				LD_RUNPATH_SEARCH_PATHS = (
					"$(inherited)",
					"@executable_path/Frameworks",
				);
				PRODUCT_BUNDLE_IDENTIFIER = app.WBooks;
				PRODUCT_NAME = "$(TARGET_NAME)";
				SWIFT_VERSION = 5.0;
				TARGETED_DEVICE_FAMILY = "1,2";
			};
			name = Release;
		};
		6ED8631C26C2446400A5E21D /* Release */ = {
			isa = XCBuildConfiguration;
			baseConfigurationReference = 9BAE84C691491201654E55DF /* Pods-WBooksTests.release.xcconfig */;
			buildSettings = {
				ALWAYS_EMBED_SWIFT_STANDARD_LIBRARIES = YES;
				BUNDLE_LOADER = "$(TEST_HOST)";
				CODE_SIGN_STYLE = Automatic;
				INFOPLIST_FILE = WBooksTests/Info.plist;
				IPHONEOS_DEPLOYMENT_TARGET = 14.4;
				LD_RUNPATH_SEARCH_PATHS = (
					"$(inherited)",
					"@executable_path/Frameworks",
					"@loader_path/Frameworks",
				);
				PRODUCT_BUNDLE_IDENTIFIER = app.WBooksTests;
				PRODUCT_NAME = "$(TARGET_NAME)";
				SWIFT_VERSION = 5.0;
				TARGETED_DEVICE_FAMILY = "1,2";
				TEST_HOST = "$(BUILT_PRODUCTS_DIR)/WBooks.app/WBooks";
			};
			name = Release;
		};
		6ED8631D26C2446400A5E21D /* Release */ = {
			isa = XCBuildConfiguration;
			baseConfigurationReference = 1634E926E8A89FB08B0FFBA3 /* Pods-WBooks-WBooksUITests.release.xcconfig */;
			buildSettings = {
				ALWAYS_EMBED_SWIFT_STANDARD_LIBRARIES = YES;
				CODE_SIGN_STYLE = Automatic;
				INFOPLIST_FILE = WBooksUITests/Info.plist;
				LD_RUNPATH_SEARCH_PATHS = (
					"$(inherited)",
					"@executable_path/Frameworks",
					"@loader_path/Frameworks",
				);
				PRODUCT_BUNDLE_IDENTIFIER = app.WBooksUITests;
				PRODUCT_NAME = "$(TARGET_NAME)";
				SWIFT_VERSION = 5.0;
				TARGETED_DEVICE_FAMILY = "1,2";
				TEST_TARGET_NAME = WBooks;
			};
			name = Release;
		};
/* End XCBuildConfiguration section */

/* Begin XCConfigurationList section */
		6E4527B226BD648F0008C123 /* Build configuration list for PBXProject "WBooks" */ = {
			isa = XCConfigurationList;
			buildConfigurations = (
				6ED862C026C2383200A5E21D /* Debug */,
				6ED8631A26C2446400A5E21D /* Release */,
			);
			defaultConfigurationIsVisible = 0;
			defaultConfigurationName = Release;
		};
		6E4527E126BD64940008C123 /* Build configuration list for PBXNativeTarget "WBooks" */ = {
			isa = XCConfigurationList;
			buildConfigurations = (
				6ED862C126C2383200A5E21D /* Debug */,
				6ED8631B26C2446400A5E21D /* Release */,
			);
			defaultConfigurationIsVisible = 0;
			defaultConfigurationName = Release;
		};
		6E4527E426BD64940008C123 /* Build configuration list for PBXNativeTarget "WBooksTests" */ = {
			isa = XCConfigurationList;
			buildConfigurations = (
				6ED862C226C2383200A5E21D /* Debug */,
				6ED8631C26C2446400A5E21D /* Release */,
			);
			defaultConfigurationIsVisible = 0;
			defaultConfigurationName = Release;
		};
		6E4527E726BD64940008C123 /* Build configuration list for PBXNativeTarget "WBooksUITests" */ = {
			isa = XCConfigurationList;
			buildConfigurations = (
				6ED862C326C2383200A5E21D /* Debug */,
				6ED8631D26C2446400A5E21D /* Release */,
			);
			defaultConfigurationIsVisible = 0;
			defaultConfigurationName = Release;
		};
/* End XCConfigurationList section */
	};
	rootObject = 6E4527AF26BD648F0008C123 /* Project object */;
}
